{
  "version": 4,
  "terraform_version": "1.2.7",
  "serial": 3,
  "lineage": "c726ed10-db9a-5181-18db-ea9c3a8d4ad9",
  "outputs": {
    "node_ip": {
      "value": [
        "192.168.140.10"
      ],
      "type": [
        "list",
        "string"
      ]
    }
  },
  "resources": [
    {
      "mode": "managed",
      "type": "libvirt_domain",
      "name": "terraform_test",
      "provider": "provider[\"registry.terraform.io/dmacvicar/libvirt\"]",
      "instances": [
        {
          "schema_version": 0,
          "attributes": {
            "arch": "x86_64",
            "autostart": true,
            "boot_device": [],
            "cloudinit": null,
            "cmdline": [],
            "console": [],
            "coreos_ignition": null,
            "cpu": [],
            "description": "",
            "disk": [
              {
                "block_device": "",
                "file": "/home/halvor/dev/cluster/large_files/Fedora-Server-dvd-x86_64-36-1.5.iso",
                "scsi": false,
                "url": "",
                "volume_id": "",
                "wwn": ""
              }
            ],
            "emulator": "/usr/bin/qemu-system-x86_64",
            "filesystem": [],
            "firmware": "",
            "fw_cfg_name": "opt/com.coreos/config",
            "graphics": [],
            "id": "d1756a9d-8eb7-42b7-b030-d0073c3deb63",
            "initrd": "",
            "kernel": "",
            "machine": "ubuntu",
            "memory": 1024,
            "metadata": null,
            "name": "terraform_test",
            "network_interface": [
              {
                "addresses": [
                  "192.168.140.10"
                ],
                "bridge": "",
                "hostname": "master-1.cluster.halvorsaether.com",
                "mac": "52:54:00:0A:ED:E2",
                "macvtap": "",
                "network_id": "35d18ab5-b68b-4fbf-ac59-e58964177d5a",
                "network_name": "cluster",
                "passthrough": "",
                "vepa": "",
                "wait_for_lease": false
              }
            ],
            "nvram": [],
            "qemu_agent": false,
            "running": true,
            "timeouts": null,
            "tpm": [],
            "vcpu": 1,
            "video": [],
            "xml": []
          },
          "sensitive_attributes": [],
          "private": "eyJlMmJmYjczMC1lY2FhLTExZTYtOGY4OC0zNDM2M2JjN2M0YzAiOnsiY3JlYXRlIjozMDAwMDAwMDAwMDB9fQ=="
        }
      ]
    }
  ]
}
